{
  "name": "lunch-buddies",
  "lockfileVersion": 1,
  "dependencies": {
    "asap": {
      "version": "2.0.6",
      "resolved": "https://registry.npmjs.org/asap/-/asap-2.0.6.tgz",
      "integrity": "sha1-5QNHYR1+aQlDIIu9r+vLwvuGbUY="
    },
    "asynckit": {
      "version": "0.4.0",
      "resolved": "https://registry.npmjs.org/asynckit/-/asynckit-0.4.0.tgz",
      "integrity": "sha1-x57Zf380y48robyXkLzDZkdLS3k="
    },
    "bail": {
      "version": "1.0.2",
      "resolved": "https://registry.npmjs.org/bail/-/bail-1.0.2.tgz",
      "integrity": "sha1-99bBcxYwqfnw1NNe0fli4gdKF2Q="
    },
    "chain-function": {
      "version": "1.0.0",
      "resolved": "https://registry.npmjs.org/chain-function/-/chain-function-1.0.0.tgz",
      "integrity": "sha1-DUqzfn4Y6tC9xHuSB2QRjOWHM9w="
    },
    "character-entities": {
      "version": "1.2.1",
      "resolved": "https://registry.npmjs.org/character-entities/-/character-entities-1.2.1.tgz",
      "integrity": "sha1-92hxvl72bdt/j440eOzDdMJ9bco="
    },
    "character-entities-legacy": {
      "version": "1.1.1",
      "resolved": "https://registry.npmjs.org/character-entities-legacy/-/character-entities-legacy-1.1.1.tgz",
      "integrity": "sha1-9Ad53xoQGHK7UQo9KV4fzPFHIC8="
    },
    "character-reference-invalid": {
      "version": "1.1.1",
      "resolved": "https://registry.npmjs.org/character-reference-invalid/-/character-reference-invalid-1.1.1.tgz",
      "integrity": "sha1-lCg191Dk7GGjCOYMLvjMEBEgLvw="
    },
    "charenc": {
      "version": "0.0.2",
      "resolved": "https://registry.npmjs.org/charenc/-/charenc-0.0.2.tgz",
      "integrity": "sha1-wKHS86cJLgN3S/qD8UwPxXkKhmc="
    },
    "classnames": {
      "version": "2.2.5",
      "resolved": "https://registry.npmjs.org/classnames/-/classnames-2.2.5.tgz",
      "integrity": "sha1-+zgB1FNGdknvNgPH1hoCvRKb3m0="
    },
    "collapse-white-space": {
      "version": "1.0.3",
      "resolved": "https://registry.npmjs.org/collapse-white-space/-/collapse-white-space-1.0.3.tgz",
      "integrity": "sha1-S5BvZw5aljqHt2sOFolkM0G2Ajw="
    },
    "combined-stream": {
      "version": "1.0.5",
      "resolved": "https://registry.npmjs.org/combined-stream/-/combined-stream-1.0.5.tgz",
      "integrity": "sha1-k4NwpXtKUd6ix3wV1cX9+JUWQAk="
    },
    "component-emitter": {
      "version": "1.2.1",
      "resolved": "https://registry.npmjs.org/component-emitter/-/component-emitter-1.2.1.tgz",
      "integrity": "sha1-E3kY1teCg/ffemt8WmPhQOaUJeY="
    },
    "cookiejar": {
      "version": "2.1.1",
      "resolved": "https://registry.npmjs.org/cookiejar/-/cookiejar-2.1.1.tgz",
      "integrity": "sha1-Qa1XsbVVlR7BcUEqgZQrHoIA00o="
    },
    "core-js": {
      "version": "1.2.7",
      "resolved": "https://registry.npmjs.org/core-js/-/core-js-1.2.7.tgz",
      "integrity": "sha1-ZSKUwUZR2yj6k70tX/KYOk8IxjY="
    },
    "core-util-is": {
      "version": "1.0.2",
      "resolved": "https://registry.npmjs.org/core-util-is/-/core-util-is-1.0.2.tgz",
      "integrity": "sha1-tf1UIgqivFq1eqtxQMlAdUUDwac="
    },
    "create-react-class": {
      "version": "15.6.0",
      "resolved": "https://registry.npmjs.org/create-react-class/-/create-react-class-15.6.0.tgz",
      "integrity": "sha1-q0SEl8JlZuHilBPogyB9V8/nvtQ="
    },
    "crypt": {
      "version": "0.0.2",
      "resolved": "https://registry.npmjs.org/crypt/-/crypt-0.0.2.tgz",
      "integrity": "sha1-iNf/fsDfuG9xPch7u0LQRNPmxBs="
    },
    "debug": {
      "version": "2.6.8",
      "resolved": "https://registry.npmjs.org/debug/-/debug-2.6.8.tgz",
      "integrity": "sha1-5zFTHKLt4n0YgiJCfaF4IdaP9Pw="
    },
    "deep-assign": {
      "version": "2.0.0",
      "resolved": "https://registry.npmjs.org/deep-assign/-/deep-assign-2.0.0.tgz",
      "integrity": "sha1-6+BrHwfwja5ZdiDj3RYi83GhxXI="
    },
    "deep-diff": {
      "version": "0.3.8",
      "resolved": "https://registry.npmjs.org/deep-diff/-/deep-diff-0.3.8.tgz",
      "integrity": "sha1-wB3mPvsO7JeYgB1Ax+Da4ltYLIQ="
    },
    "deep-equal": {
      "version": "1.0.1",
      "resolved": "https://registry.npmjs.org/deep-equal/-/deep-equal-1.0.1.tgz",
      "integrity": "sha1-9dJgKStmDghO/0zbyfCK0yR0SLU="
    },
    "delayed-stream": {
      "version": "1.0.0",
      "resolved": "https://registry.npmjs.org/delayed-stream/-/delayed-stream-1.0.0.tgz",
      "integrity": "sha1-3zrhmayt+31ECqrgsp4icrJOxhk="
    },
    "dom-helpers": {
      "version": "3.2.1",
      "resolved": "https://registry.npmjs.org/dom-helpers/-/dom-helpers-3.2.1.tgz",
      "integrity": "sha1-MgPgf+0he9H0JLAZc1WC/Deyglo="
    },
    "encoding": {
      "version": "0.1.12",
      "resolved": "https://registry.npmjs.org/encoding/-/encoding-0.1.12.tgz",
      "integrity": "sha1-U4tm8+5izRq1HsMjgp0flIDHS+s="
    },
    "es6-error": {
      "version": "4.0.2",
      "resolved": "https://registry.npmjs.org/es6-error/-/es6-error-4.0.2.tgz",
      "integrity": "sha1-7sXHJurO9Rt/a3PCDbbhsTsGnJg="
    },
    "extend": {
      "version": "3.0.1",
      "resolved": "https://registry.npmjs.org/extend/-/extend-3.0.1.tgz",
      "integrity": "sha1-p1Xqe8Gt/MWjHOfnYtuq3F5jZEQ="
    },
    "fbjs": {
      "version": "0.8.14",
      "resolved": "https://registry.npmjs.org/fbjs/-/fbjs-0.8.14.tgz",
      "integrity": "sha1-0dviviVMNakeCfMfnNUKQLKg7Rw="
    },
    "form-data": {
      "version": "2.2.0",
      "resolved": "https://registry.npmjs.org/form-data/-/form-data-2.2.0.tgz",
      "integrity": "sha1-ml47kpX5gLJiPPZPojixTOvKcHs="
    },
    "formidable": {
      "version": "1.1.1",
      "resolved": "https://registry.npmjs.org/formidable/-/formidable-1.1.1.tgz",
      "integrity": "sha1-lriIb3w8NQi5Mta9cMTTqI818ak="
    },
    "grommet": {
      "version": "1.6.0",
      "resolved": "https://registry.npmjs.org/grommet/-/grommet-1.6.0.tgz",
      "integrity": "sha1-yDk6MBtjG3dWmFzyKGb7rcT6rQ4="
    },
    "hammerjs": {
      "version": "2.0.8",
      "resolved": "https://registry.npmjs.org/hammerjs/-/hammerjs-2.0.8.tgz",
      "integrity": "sha1-BO93hiz/K7edMPdpIJWTAiK/YPE="
    },
    "history": {
      "version": "4.6.3",
      "resolved": "https://registry.npmjs.org/history/-/history-4.6.3.tgz",
      "integrity": "sha1-bXI6hxLFgda+836MJvSu3G64aWc="
    },
    "hoist-non-react-statics": {
      "version": "1.2.0",
      "resolved": "https://registry.npmjs.org/hoist-non-react-statics/-/hoist-non-react-statics-1.2.0.tgz",
      "integrity": "sha1-qkSM8JhtVcxAdzsXF0t90GbLfPs="
    },
    "iconv-lite": {
      "version": "0.4.18",
      "resolved": "https://registry.npmjs.org/iconv-lite/-/iconv-lite-0.4.18.tgz",
      "integrity": "sha512-sr1ZQph3UwHTR0XftSbK85OvBbxe/abLGzEnPENCQwmHf7sck8Oyu4ob3LgBxWWxRoM+QszeUyl7jbqapu2TqA=="
    },
    "inherits": {
      "version": "2.0.3",
      "resolved": "https://registry.npmjs.org/inherits/-/inherits-2.0.3.tgz",
      "integrity": "sha1-Yzwsg+PaQqUC9SRmAiSA9CCCYd4="
    },
    "intl": {
      "version": "1.2.5",
      "resolved": "https://registry.npmjs.org/intl/-/intl-1.2.5.tgz",
      "integrity": "sha1-giRKIZDE5Bn4Nx9ao02qNCDiq94="
    },
    "intl-format-cache": {
      "version": "2.0.5",
      "resolved": "https://registry.npmjs.org/intl-format-cache/-/intl-format-cache-2.0.5.tgz",
      "integrity": "sha1-tITO/Lk1PzdPJd44mjzuoa8Y18k="
    },
    "intl-messageformat": {
      "version": "1.3.0",
      "resolved": "https://registry.npmjs.org/intl-messageformat/-/intl-messageformat-1.3.0.tgz",
      "integrity": "sha1-99kmre16OrGbLcYB79VOmaS9Tq4="
    },
    "intl-messageformat-parser": {
      "version": "1.2.0",
      "resolved": "https://registry.npmjs.org/intl-messageformat-parser/-/intl-messageformat-parser-1.2.0.tgz",
      "integrity": "sha1-WQa3+VOrdHDg3IVJCXtki5kYkv8="
    },
    "intl-relativeformat": {
      "version": "1.3.0",
      "resolved": "https://registry.npmjs.org/intl-relativeformat/-/intl-relativeformat-1.3.0.tgz",
      "integrity": "sha1-iT3HB2/M04DPCRojAMOA+les5Fs="
    },
    "inuit-defaults": {
      "version": "0.2.3",
      "resolved": "https://registry.npmjs.org/inuit-defaults/-/inuit-defaults-0.2.3.tgz",
      "integrity": "sha1-ypTId2O63tTQxG9niFL4KldPXQA="
    },
    "inuit-functions": {
      "version": "0.2.0",
      "resolved": "https://registry.npmjs.org/inuit-functions/-/inuit-functions-0.2.0.tgz",
      "integrity": "sha1-mfzcoI8JTCFhcggcs+rbIowLfGY="
    },
    "inuit-mixins": {
      "version": "0.2.3",
      "resolved": "https://registry.npmjs.org/inuit-mixins/-/inuit-mixins-0.2.3.tgz",
      "integrity": "sha1-KtGSdrsr+iKMYgebj1uqfev0qZ8="
    },
    "inuit-normalize": {
      "version": "4.1.1",
      "resolved": "https://registry.npmjs.org/inuit-normalize/-/inuit-normalize-4.1.1.tgz",
      "integrity": "sha1-9DkalmHEg3MveLM6OTf+iqsnfec="
    },
    "inuit-reset": {
      "version": "0.1.1",
      "resolved": "https://registry.npmjs.org/inuit-reset/-/inuit-reset-0.1.1.tgz",
      "integrity": "sha1-gCQxfDTuF3n5LIFKwx6HVLYNQ0Y="
    },
    "inuit-responsive-settings": {
      "version": "0.1.5",
      "resolved": "https://registry.npmjs.org/inuit-responsive-settings/-/inuit-responsive-settings-0.1.5.tgz",
      "integrity": "sha1-eUVwd475MzjkOGNwhBl3gPc6VmY="
    },
    "inuit-responsive-tools": {
      "version": "0.1.3",
      "resolved": "https://registry.npmjs.org/inuit-responsive-tools/-/inuit-responsive-tools-0.1.3.tgz",
      "integrity": "sha1-oJlUBT/lWQfbaRAzcTzewlRidSA="
    },
    "inuit-shared": {
      "version": "0.1.5",
      "resolved": "https://registry.npmjs.org/inuit-shared/-/inuit-shared-0.1.5.tgz",
      "integrity": "sha1-SjkXT+ljPYVc8Y7R7oSi2n7Dnro="
    },
    "invariant": {
      "version": "2.2.2",
      "resolved": "https://registry.npmjs.org/invariant/-/invariant-2.2.2.tgz",
      "integrity": "sha1-nh9WrArNtr8wMwbzOL47IErmA2A="
    },
    "is-alphabetical": {
      "version": "1.0.1",
      "resolved": "https://registry.npmjs.org/is-alphabetical/-/is-alphabetical-1.0.1.tgz",
      "integrity": "sha1-x3B5zJHU76x3W+EDS/LSQ/lebwg="
    },
    "is-alphanumerical": {
      "version": "1.0.1",
      "resolved": "https://registry.npmjs.org/is-alphanumerical/-/is-alphanumerical-1.0.1.tgz",
      "integrity": "sha1-37SqTRCF4zvbYcLe6cgOnGwZ9Ts="
    },
    "is-buffer": {
      "version": "1.1.5",
      "resolved": "https://registry.npmjs.org/is-buffer/-/is-buffer-1.1.5.tgz",
      "integrity": "sha1-Hzsm72E7IUuIy8ojzGwB2Hlh7sw="
    },
    "is-decimal": {
      "version": "1.0.1",
      "resolved": "https://registry.npmjs.org/is-decimal/-/is-decimal-1.0.1.tgz",
      "integrity": "sha1-9ftqlJlq2ejjdh+/vQkfH8qMToI="
    },
    "is-hexadecimal": {
      "version": "1.0.1",
      "resolved": "https://registry.npmjs.org/is-hexadecimal/-/is-hexadecimal-1.0.1.tgz",
      "integrity": "sha1-bghLvJIGH7sJcexYts5tQE4k2mk="
    },
    "is-obj": {
      "version": "1.0.1",
      "resolved": "https://registry.npmjs.org/is-obj/-/is-obj-1.0.1.tgz",
      "integrity": "sha1-PkcprB9f3gJc19g6iW2rn09n2w8="
    },
    "is-plain-obj": {
      "version": "1.1.0",
      "resolved": "https://registry.npmjs.org/is-plain-obj/-/is-plain-obj-1.1.0.tgz",
      "integrity": "sha1-caUMhCnfync8kqOQpKA7OfzVHT4="
    },
    "is-promise": {
      "version": "2.1.0",
      "resolved": "https://registry.npmjs.org/is-promise/-/is-promise-2.1.0.tgz",
      "integrity": "sha1-eaKp7OfwlugPNtKy87wWwf9L8/o="
    },
    "is-retina": {
      "version": "1.0.3",
      "resolved": "https://registry.npmjs.org/is-retina/-/is-retina-1.0.3.tgz",
      "integrity": "sha1-10AbKGvqKuN/Ykd1iN5QTQuGR+M="
    },
    "is-stream": {
      "version": "1.1.0",
      "resolved": "https://registry.npmjs.org/is-stream/-/is-stream-1.1.0.tgz",
      "integrity": "sha1-EtSj3U5o4Lec6428hBc66A2RykQ="
    },
    "is-whitespace-character": {
      "version": "1.0.1",
      "resolved": "https://registry.npmjs.org/is-whitespace-character/-/is-whitespace-character-1.0.1.tgz",
      "integrity": "sha1-muAXbzKCtlRXoZks2whPil+DPjs="
    },
    "is-word-character": {
      "version": "1.0.1",
      "resolved": "https://registry.npmjs.org/is-word-character/-/is-word-character-1.0.1.tgz",
      "integrity": "sha1-WgP6HqkazopusMfNdw64bWXIvvs="
    },
    "isarray": {
      "version": "0.0.1",
      "resolved": "https://registry.npmjs.org/isarray/-/isarray-0.0.1.tgz",
      "integrity": "sha1-ihis/Kmo9Bd+Cav8YDiTmwXR7t8="
    },
    "isomorphic-fetch": {
      "version": "2.2.1",
      "resolved": "https://registry.npmjs.org/isomorphic-fetch/-/isomorphic-fetch-2.2.1.tgz",
      "integrity": "sha1-YRrhrPFPXoH3KVB0coGf6XM1WKk="
    },
    "js-tokens": {
      "version": "3.0.2",
      "resolved": "https://registry.npmjs.org/js-tokens/-/js-tokens-3.0.2.tgz",
      "integrity": "sha1-mGbfOVECEw449/mWvOtlRDIJwls="
    },
    "lodash": {
      "version": "4.17.4",
      "resolved": "https://registry.npmjs.org/lodash/-/lodash-4.17.4.tgz",
      "integrity": "sha1-eCA6TRwyiuHYbcpkYONptX9AVa4="
    },
    "lodash-es": {
      "version": "4.17.4",
      "resolved": "https://registry.npmjs.org/lodash-es/-/lodash-es-4.17.4.tgz",
      "integrity": "sha1-3MHXVS4VCgZABzupyzHXDwMpUOc="
    },
    "lodash.get": {
      "version": "4.4.2",
      "resolved": "https://registry.npmjs.org/lodash.get/-/lodash.get-4.4.2.tgz",
      "integrity": "sha1-LRd/ZS+jHpObRDjVNBSZ36OCXpk="
    },
    "lodash.zip": {
      "version": "4.2.0",
      "resolved": "https://registry.npmjs.org/lodash.zip/-/lodash.zip-4.2.0.tgz",
      "integrity": "sha1-7GZi5IlkCO1KtsVCo5kLcswIACA="
    },
    "loose-envify": {
      "version": "1.3.1",
      "resolved": "https://registry.npmjs.org/loose-envify/-/loose-envify-1.3.1.tgz",
      "integrity": "sha1-0aitM/qc4OcT1l/dCsi3SNR4yEg="
    },
    "markdown-escapes": {
      "version": "1.0.1",
      "resolved": "https://registry.npmjs.org/markdown-escapes/-/markdown-escapes-1.0.1.tgz",
      "integrity": "sha1-GZTfLTr0gR3lmmcUk0wrIpJzRRg="
    },
    "markdown-to-jsx": {
      "version": "5.4.2",
      "resolved": "https://registry.npmjs.org/markdown-to-jsx/-/markdown-to-jsx-5.4.2.tgz",
      "integrity": "sha1-LLOxzigAkZD2GezIxcixcUM/tWo="
    },
    "md5": {
      "version": "2.2.1",
      "resolved": "https://registry.npmjs.org/md5/-/md5-2.2.1.tgz",
      "integrity": "sha1-U6s41f48iJG6RlMp6iP6wFQBJvk="
    },
    "methods": {
      "version": "1.1.2",
      "resolved": "https://registry.npmjs.org/methods/-/methods-1.1.2.tgz",
      "integrity": "sha1-VSmk1nZUE07cxSZmVoNbD4Ua/O4="
    },
    "mime": {
      "version": "1.3.6",
      "resolved": "https://registry.npmjs.org/mime/-/mime-1.3.6.tgz",
      "integrity": "sha1-WR2E02U6awtKO5343lqoEI5y5eA="
    },
    "mime-db": {
      "version": "1.29.0",
      "resolved": "https://registry.npmjs.org/mime-db/-/mime-db-1.29.0.tgz",
      "integrity": "sha1-SNJtI1WJZRcErFkWygYAGRQmaHg="
    },
    "mime-types": {
      "version": "2.1.16",
      "resolved": "https://registry.npmjs.org/mime-types/-/mime-types-2.1.16.tgz",
      "integrity": "sha1-K4WKUuXs1RbbiXrCvodIeDBpjiM="
    },
    "moment": {
      "version": "2.18.1",
      "resolved": "https://registry.npmjs.org/moment/-/moment-2.18.1.tgz",
      "integrity": "sha1-w2GT3Tzhwu7SrbfIAtu8d6gbHA8="
    },
    "ms": {
      "version": "2.0.0",
      "resolved": "https://registry.npmjs.org/ms/-/ms-2.0.0.tgz",
      "integrity": "sha1-VgiurfwAvmwpAd9fmGF4jeDVl8g="
    },
    "node-fetch": {
      "version": "1.7.1",
      "resolved": "https://registry.npmjs.org/node-fetch/-/node-fetch-1.7.1.tgz",
      "integrity": "sha512-j8XsFGCLw79vWXkZtMSmmLaOk9z5SQ9bV/tkbZVCqvgwzrjAGq66igobLofHtF63NvMTp2WjytpsNTGKa+XRIQ=="
    },
    "object-assign": {
      "version": "4.1.1",
      "resolved": "https://registry.npmjs.org/object-assign/-/object-assign-4.1.1.tgz",
      "integrity": "sha1-IQmtx5ZYh8/AXLvUQsrIv7s2CGM="
    },
    "parse-entities": {
      "version": "1.1.1",
      "resolved": "https://registry.npmjs.org/parse-entities/-/parse-entities-1.1.1.tgz",
      "integrity": "sha1-gRLYhHExnyerrk1klksSL+ThuJA="
    },
    "path-to-regexp": {
      "version": "1.7.0",
      "resolved": "https://registry.npmjs.org/path-to-regexp/-/path-to-regexp-1.7.0.tgz",
      "integrity": "sha1-Wf3g9DW62suhA6hOnTvGTpa5k30="
    },
    "process-nextick-args": {
      "version": "1.0.7",
      "resolved": "https://registry.npmjs.org/process-nextick-args/-/process-nextick-args-1.0.7.tgz",
      "integrity": "sha1-FQ4gt1ZZCtP5EJPyWk8q2L/zC6M="
    },
    "promise": {
      "version": "7.3.1",
      "resolved": "https://registry.npmjs.org/promise/-/promise-7.3.1.tgz",
      "integrity": "sha512-nolQXZ/4L+bP/UGlkfaIujX9BKxGwmQ9OT4mOt5yvy8iK1h3wqTEJCijzGANTCCl9nWjY41juyAn2K3Q1hLLTg=="
    },
    "prop-types": {
      "version": "15.5.10",
      "resolved": "https://registry.npmjs.org/prop-types/-/prop-types-15.5.10.tgz",
      "integrity": "sha1-J5ffwxJhguOpXj37suiT3ddFYVQ="
    },
    "qs": {
      "version": "6.5.0",
      "resolved": "https://registry.npmjs.org/qs/-/qs-6.5.0.tgz",
      "integrity": "sha512-fjVFjW9yhqMhVGwRExCXLhJKrLlkYSaxNWdyc9rmHlrVZbk35YHH312dFd7191uQeXkI3mKLZTIbSvIeFwFemg=="
    },
    "query-string": {
      "version": "4.3.4",
      "resolved": "https://registry.npmjs.org/query-string/-/query-string-4.3.4.tgz",
      "integrity": "sha1-u7aTucqRXCMlFbIosaArYJBD2+s="
    },
    "react": {
      "version": "15.6.1",
      "resolved": "https://registry.npmjs.org/react/-/react-15.6.1.tgz",
      "integrity": "sha1-uqhDTsZ4C96ZfNw4C3nNM7ljk98="
    },
    "react-desc": {
      "version": "1.3.6",
      "resolved": "https://registry.npmjs.org/react-desc/-/react-desc-1.3.6.tgz",
      "integrity": "sha1-UIZ+25uoY8jkyGBpCRpNjXBjDlg="
    },
    "react-dom": {
      "version": "15.6.1",
      "resolved": "https://registry.npmjs.org/react-dom/-/react-dom-15.6.1.tgz",
      "integrity": "sha1-LLDtQZEDjlPCCes6eaI+Kkz5lHA="
    },
    "react-gravatar": {
      "version": "2.6.3",
      "resolved": "https://registry.npmjs.org/react-gravatar/-/react-gravatar-2.6.3.tgz",
      "integrity": "sha1-VAfrash+gw4qNN63YNKkxATrHaw="
    },
    "react-intl": {
      "version": "2.3.0",
      "resolved": "https://registry.npmjs.org/react-intl/-/react-intl-2.3.0.tgz",
      "integrity": "sha1-4d9q9WZ/3wHL5KqyDhNyUeKuUUI="
    },
    "react-redux": {
      "version": "5.0.5",
      "resolved": "https://registry.npmjs.org/react-redux/-/react-redux-5.0.5.tgz",
      "integrity": "sha1-+OjHsjlCJXblLWt9sGQ5RpvphGo="
    },
    "react-redux-meteor": {
      "version": "4.5.1",
      "resolved": "https://registry.npmjs.org/react-redux-meteor/-/react-redux-meteor-4.5.1.tgz",
      "integrity": "sha1-Q7ENph9ie7Fnbst9QWZ5C8Qc+OM="
    },
    "react-router": {
      "version": "4.1.2",
      "resolved": "https://registry.npmjs.org/react-router/-/react-router-4.1.2.tgz",
      "integrity": "sha512-VyM87OP+GkijVkkOXJw39A9fKtFelLoZYYDxtELhpZefjYatxI2SUxZcImo/9Tv52rR9UnNJBPSBpVRQMdvi8A=="
    },
    "react-transition-group": {
      "version": "1.2.0",
      "resolved": "https://registry.npmjs.org/react-transition-group/-/react-transition-group-1.2.0.tgz",
      "integrity": "sha1-tR/JIbDDg1p+98Vxx5/ILHPpIE8="
    },
    "readable-stream": {
      "version": "2.3.3",
      "resolved": "https://registry.npmjs.org/readable-stream/-/readable-stream-2.3.3.tgz",
      "integrity": "sha512-m+qzzcn7KUxEmd1gMbchF+Y2eIUbieUaxkWtptyHywrX0rE8QEYqPC07Vuy4Wm32/xE16NcdBctb8S0Xe/5IeQ==",
      "dependencies": {
        "isarray": {
          "version": "1.0.0",
          "resolved": "https://registry.npmjs.org/isarray/-/isarray-1.0.0.tgz",
          "integrity": "sha1-u5NdSFgsuhaMBoNJV6VKPgcSTxE="
        }
      }
    },
    "redux": {
      "version": "3.7.2",
      "resolved": "https://registry.npmjs.org/redux/-/redux-3.7.2.tgz",
      "integrity": "sha512-pNqnf9q1hI5HHZRBkj3bAngGZW/JMCmexDlOxw4XagXY2o1327nHH54LoTjiPJ0gizoqPDRqWyX/00g0hD6w+A=="
    },
    "redux-form": {
      "version": "7.0.3",
      "resolved": "https://registry.npmjs.org/redux-form/-/redux-form-7.0.3.tgz",
      "integrity": "sha512-9yjU9XIlihXUrUZidKuYiDkZUAqqFluzWIqXKzNvvnbtUwEYVssv5+dxjlTzgSJWTs6RBG2QiQdP5/VR6USFuA==",
      "dependencies": {
        "hoist-non-react-statics": {
          "version": "2.2.1",
          "resolved": "https://registry.npmjs.org/hoist-non-react-statics/-/hoist-non-react-statics-2.2.1.tgz",
          "integrity": "sha1-p+QcdgEh0Kv8eiM5szHSmiY4nlI="
        }
      }
    },
    "redux-logger": {
      "version": "3.0.6",
      "resolved": "https://registry.npmjs.org/redux-logger/-/redux-logger-3.0.6.tgz",
      "integrity": "sha1-91VZZvMJjzyIYExEnPC69XeCdL8="
    },
    "redux-thunk": {
      "version": "2.2.0",
      "resolved": "https://registry.npmjs.org/redux-thunk/-/redux-thunk-2.2.0.tgz",
      "integrity": "sha1-5hWhbha0ehmlFXZhM9Hj6Zt4UuU="
    },
    "remark-parse": {
      "version": "4.0.0",
      "resolved": "https://registry.npmjs.org/remark-parse/-/remark-parse-4.0.0.tgz",
      "integrity": "sha512-XZgICP2gJ1MHU7+vQaRM+VA9HEL3X253uwUM/BGgx3iv6TH2B3bF3B8q00DKcyP9YrJV+/7WOWEWBFF/u8cIsw=="
    },
    "repeat-string": {
      "version": "1.6.1",
      "resolved": "https://registry.npmjs.org/repeat-string/-/repeat-string-1.6.1.tgz",
      "integrity": "sha1-jcrkcOHIirwtYA//Sndihtp15jc="
    },
    "replace-ext": {
      "version": "1.0.0",
      "resolved": "https://registry.npmjs.org/replace-ext/-/replace-ext-1.0.0.tgz",
      "integrity": "sha1-3mMSg3P8v3w8z6TeWkgMRaZ5WOs="
    },
    "resolve-pathname": {
      "version": "2.1.0",
      "resolved": "https://registry.npmjs.org/resolve-pathname/-/resolve-pathname-2.1.0.tgz",
      "integrity": "sha1-6DWIAbhrg7F1YNTjw4LXrvIQCUQ="
    },
    "safe-buffer": {
      "version": "5.1.1",
      "resolved": "https://registry.npmjs.org/safe-buffer/-/safe-buffer-5.1.1.tgz",
      "integrity": "sha512-kKvNJn6Mm93gAczWVJg7wH+wGYWNrDHdWvpUmHyEsgCtIwwo3bqPtV4tR5tuPaUhTOo/kvhVwd8XwwOllGYkbg=="
    },
    "setimmediate": {
      "version": "1.0.5",
      "resolved": "https://registry.npmjs.org/setimmediate/-/setimmediate-1.0.5.tgz",
      "integrity": "sha1-KQy7Iy4waULX1+qbg3Mqt4VvgoU="
    },
    "state-toggle": {
      "version": "1.0.0",
      "resolved": "https://registry.npmjs.org/state-toggle/-/state-toggle-1.0.0.tgz",
      "integrity": "sha1-0g+aYWu08MO5i5GSLSW2QKorxCU="
    },
    "strict-uri-encode": {
      "version": "1.1.0",
      "resolved": "https://registry.npmjs.org/strict-uri-encode/-/strict-uri-encode-1.1.0.tgz",
      "integrity": "sha1-J5siXfHVgrH1TmWt3UNS4Y+qBxM="
    },
    "string_decoder": {
      "version": "1.0.3",
      "resolved": "https://registry.npmjs.org/string_decoder/-/string_decoder-1.0.3.tgz",
      "integrity": "sha512-4AH6Z5fzNNBcH+6XDMfA/BTt87skxqJlO0lAh3Dker5zThcAxG6mKz+iGu308UKoPPQ8Dcqx/4JhujzltRa+hQ=="
    },
    "superagent": {
      "version": "3.5.2",
      "resolved": "https://registry.npmjs.org/superagent/-/superagent-3.5.2.tgz",
      "integrity": "sha1-M2GjlxVnUEw1EGOr6q4PqiPb8/g="
    },
    "symbol-observable": {
      "version": "1.0.4",
      "resolved": "https://registry.npmjs.org/symbol-observable/-/symbol-observable-1.0.4.tgz",
      "integrity": "sha1-Kb9hXUqnEhvdiYsi1LP5vE4qoD0="
    },
    "trim": {
      "version": "0.0.1",
      "resolved": "https://registry.npmjs.org/trim/-/trim-0.0.1.tgz",
      "integrity": "sha1-WFhUf2spB1fulczMZm+1AITEYN0="
    },
    "trim-trailing-lines": {
      "version": "1.1.0",
      "resolved": "https://registry.npmjs.org/trim-trailing-lines/-/trim-trailing-lines-1.1.0.tgz",
      "integrity": "sha1-eu+7eAjfnWafbaLkOMrIxGradoQ="
    },
    "trough": {
      "version": "1.0.1",
      "resolved": "https://registry.npmjs.org/trough/-/trough-1.0.1.tgz",
      "integrity": "sha1-qf2LA5Swro//guBjOgo2zK1bX4Y="
    },
    "ua-parser-js": {
      "version": "0.7.14",
      "resolved": "https://registry.npmjs.org/ua-parser-js/-/ua-parser-js-0.7.14.tgz",
      "integrity": "sha1-EQ1T+kw/MmwSEpK76skE0uAzh8o="
    },
    "unherit": {
      "version": "1.1.0",
      "resolved": "https://registry.npmjs.org/unherit/-/unherit-1.1.0.tgz",
      "integrity": "sha1-a5qu379z3xdWrZ4xbdmBiFhAzX0="
    },
    "unified": {
      "version": "6.1.5",
      "resolved": "https://registry.npmjs.org/unified/-/unified-6.1.5.tgz",
      "integrity": "sha1-cWk3hyYhpjE15iztLzrGoGPG+4c="
    },
    "unist-util-remove-position": {
      "version": "1.1.1",
      "resolved": "https://registry.npmjs.org/unist-util-remove-position/-/unist-util-remove-position-1.1.1.tgz",
      "integrity": "sha1-WoXBVV/BugwQG4ZwfRXlD6TIcbs="
    },
    "unist-util-stringify-position": {
      "version": "1.1.1",
      "resolved": "https://registry.npmjs.org/unist-util-stringify-position/-/unist-util-stringify-position-1.1.1.tgz",
      "integrity": "sha1-PMvcU2ee7W7PN3fdf14yKcG2qjw="
    },
    "unist-util-visit": {
      "version": "1.1.3",
      "resolved": "https://registry.npmjs.org/unist-util-visit/-/unist-util-visit-1.1.3.tgz",
      "integrity": "sha1-7CaOcxudJ3p5pbWqBkOZDkBdYAs="
    },
    "util-deprecate": {
      "version": "1.0.2",
      "resolved": "https://registry.npmjs.org/util-deprecate/-/util-deprecate-1.0.2.tgz",
      "integrity": "sha1-RQ1Nyfpw3nMnYvvS1KKJgUGaDM8="
    },
    "value-equal": {
      "version": "0.2.1",
      "resolved": "https://registry.npmjs.org/value-equal/-/value-equal-0.2.1.tgz",
      "integrity": "sha1-wiCjBDYfzmmU277ao8fhobiVhx0="
    },
    "vfile": {
      "version": "2.2.0",
      "resolved": "https://registry.npmjs.org/vfile/-/vfile-2.2.0.tgz",
      "integrity": "sha1-zkek+zNZIrIz5TXbD32BIdj87U4="
    },
    "vfile-location": {
      "version": "2.0.2",
      "resolved": "https://registry.npmjs.org/vfile-location/-/vfile-location-2.0.2.tgz",
      "integrity": "sha1-02dcWch3SY5JK0dW/2Xkrxp1IlU="
    },
    "warning": {
      "version": "3.0.0",
      "resolved": "https://registry.npmjs.org/warning/-/warning-3.0.0.tgz",
      "integrity": "sha1-MuU3fLVy3kqwR1O9+IIcAe1gW3w="
    },
    "whatwg-fetch": {
      "version": "2.0.3",
      "resolved": "https://registry.npmjs.org/whatwg-fetch/-/whatwg-fetch-2.0.3.tgz",
      "integrity": "sha1-nITsLc9oGH/wC8ZOEnS0QhduHIQ="
    },
    "x-is-function": {
      "version": "1.0.4",
      "resolved": "https://registry.npmjs.org/x-is-function/-/x-is-function-1.0.4.tgz",
      "integrity": "sha1-XSlNw9Joy90GJYDgxd93o5HR+h4="
    },
    "x-is-string": {
      "version": "0.1.0",
      "resolved": "https://registry.npmjs.org/x-is-string/-/x-is-string-0.1.0.tgz",
      "integrity": "sha1-R0tQhlrzpJqcRlfwWs0UVFj3fYI="
    },
    "xtend": {
      "version": "4.0.1",
      "resolved": "https://registry.npmjs.org/xtend/-/xtend-4.0.1.tgz",
      "integrity": "sha1-pcbVMr5lbiPbgg77lDofBJmNY68="
    }
  }
}
